// !$*UTF8*$!
{
	archiveVersion = 1;
	classes = {
	};
	objectVersion = 50;
	objects = {

/* Begin PBXBuildFile section */
		180DD9C120D174B90061B554 /* AppDelegate.swift in Sources */ = {isa = PBXBuildFile; fileRef = 180DD9C020D174B90061B554 /* AppDelegate.swift */; };
		180DD9C320D174B90061B554 /* ChatViewController.swift in Sources */ = {isa = PBXBuildFile; fileRef = 180DD9C220D174B90061B554 /* ChatViewController.swift */; };
		180DD9C620D174B90061B554 /* Main.storyboard in Resources */ = {isa = PBXBuildFile; fileRef = 180DD9C420D174B90061B554 /* Main.storyboard */; };
		180DD9C820D174BA0061B554 /* Assets.xcassets in Resources */ = {isa = PBXBuildFile; fileRef = 180DD9C720D174BA0061B554 /* Assets.xcassets */; };
		180DD9CB20D174BA0061B554 /* LaunchScreen.storyboard in Resources */ = {isa = PBXBuildFile; fileRef = 180DD9C920D174BA0061B554 /* LaunchScreen.storyboard */; };
		180DD9D620D174BA0061B554 /* ChatAppTests.swift in Sources */ = {isa = PBXBuildFile; fileRef = 180DD9D520D174BA0061B554 /* ChatAppTests.swift */; };
		180DD9E120D174BB0061B554 /* ChatAppUITests.swift in Sources */ = {isa = PBXBuildFile; fileRef = 180DD9E020D174BB0061B554 /* ChatAppUITests.swift */; };
		180DD9F220D183AB0061B554 /* MyCustomCell.swift in Sources */ = {isa = PBXBuildFile; fileRef = 180DD9F120D183AB0061B554 /* MyCustomCell.swift */; };
		180DD9F420D183FB0061B554 /* FriendCustomCell.swift in Sources */ = {isa = PBXBuildFile; fileRef = 180DD9F320D183FB0061B554 /* FriendCustomCell.swift */; };
		180DDA3520D18B160061B554 /* TestJson.json in Resources */ = {isa = PBXBuildFile; fileRef = 180DDA3420D18B160061B554 /* TestJson.json */; };
		180DDA3F20D18C770061B554 /* ChatAppModel.xcdatamodeld in Sources */ = {isa = PBXBuildFile; fileRef = 180DDA3D20D18C770061B554 /* ChatAppModel.xcdatamodeld */; };
		180DDA4B20D192C20061B554 /* ChatModel.swift in Sources */ = {isa = PBXBuildFile; fileRef = 180DDA4A20D192C20061B554 /* ChatModel.swift */; };
/* End PBXBuildFile section */

/* Begin PBXContainerItemProxy section */
		180DD9D220D174BA0061B554 /* PBXContainerItemProxy */ = {
			isa = PBXContainerItemProxy;
			containerPortal = 180DD9B520D174B90061B554 /* Project object */;
			proxyType = 1;
			remoteGlobalIDString = 180DD9BC20D174B90061B554;
			remoteInfo = ChatApp;
		};
		180DD9DD20D174BB0061B554 /* PBXContainerItemProxy */ = {
			isa = PBXContainerItemProxy;
			containerPortal = 180DD9B520D174B90061B554 /* Project object */;
			proxyType = 1;
			remoteGlobalIDString = 180DD9BC20D174B90061B554;
			remoteInfo = ChatApp;
		};
/* End PBXContainerItemProxy section */

/* Begin PBXFileReference section */
		180DD9BD20D174B90061B554 /* ChatApp.app */ = {isa = PBXFileReference; explicitFileType = wrapper.application; includeInIndex = 0; path = ChatApp.app; sourceTree = BUILT_PRODUCTS_DIR; };
		180DD9C020D174B90061B554 /* AppDelegate.swift */ = {isa = PBXFileReference; lastKnownFileType = sourcecode.swift; path = AppDelegate.swift; sourceTree = "<group>"; };
		180DD9C220D174B90061B554 /* ChatViewController.swift */ = {isa = PBXFileReference; lastKnownFileType = sourcecode.swift; path = ChatViewController.swift; sourceTree = "<group>"; };
		180DD9C520D174B90061B554 /* Base */ = {isa = PBXFileReference; lastKnownFileType = file.storyboard; name = Base; path = Base.lproj/Main.storyboard; sourceTree = "<group>"; };
		180DD9C720D174BA0061B554 /* Assets.xcassets */ = {isa = PBXFileReference; lastKnownFileType = folder.assetcatalog; path = Assets.xcassets; sourceTree = "<group>"; };
		180DD9CA20D174BA0061B554 /* Base */ = {isa = PBXFileReference; lastKnownFileType = file.storyboard; name = Base; path = Base.lproj/LaunchScreen.storyboard; sourceTree = "<group>"; };
		180DD9CC20D174BA0061B554 /* Info.plist */ = {isa = PBXFileReference; lastKnownFileType = text.plist.xml; path = Info.plist; sourceTree = "<group>"; };
		180DD9D120D174BA0061B554 /* ChatAppTests.xctest */ = {isa = PBXFileReference; explicitFileType = wrapper.cfbundle; includeInIndex = 0; path = ChatAppTests.xctest; sourceTree = BUILT_PRODUCTS_DIR; };
		180DD9D520D174BA0061B554 /* ChatAppTests.swift */ = {isa = PBXFileReference; lastKnownFileType = sourcecode.swift; path = ChatAppTests.swift; sourceTree = "<group>"; };
		180DD9D720D174BA0061B554 /* Info.plist */ = {isa = PBXFileReference; lastKnownFileType = text.plist.xml; path = Info.plist; sourceTree = "<group>"; };
		180DD9DC20D174BB0061B554 /* ChatAppUITests.xctest */ = {isa = PBXFileReference; explicitFileType = wrapper.cfbundle; includeInIndex = 0; path = ChatAppUITests.xctest; sourceTree = BUILT_PRODUCTS_DIR; };
		180DD9E020D174BB0061B554 /* ChatAppUITests.swift */ = {isa = PBXFileReference; lastKnownFileType = sourcecode.swift; path = ChatAppUITests.swift; sourceTree = "<group>"; };
		180DD9E220D174BB0061B554 /* Info.plist */ = {isa = PBXFileReference; lastKnownFileType = text.plist.xml; path = Info.plist; sourceTree = "<group>"; };
		180DD9F120D183AB0061B554 /* MyCustomCell.swift */ = {isa = PBXFileReference; lastKnownFileType = sourcecode.swift; path = MyCustomCell.swift; sourceTree = "<group>"; };
		180DD9F320D183FB0061B554 /* FriendCustomCell.swift */ = {isa = PBXFileReference; lastKnownFileType = sourcecode.swift; path = FriendCustomCell.swift; sourceTree = "<group>"; };
		180DDA3420D18B160061B554 /* TestJson.json */ = {isa = PBXFileReference; fileEncoding = 4; lastKnownFileType = text.json; path = TestJson.json; sourceTree = "<group>"; };
		180DDA3E20D18C770061B554 /* ChatAppModel.xcdatamodel */ = {isa = PBXFileReference; lastKnownFileType = wrapper.xcdatamodel; path = ChatAppModel.xcdatamodel; sourceTree = "<group>"; };
		180DDA4A20D192C20061B554 /* ChatModel.swift */ = {isa = PBXFileReference; lastKnownFileType = sourcecode.swift; path = ChatModel.swift; sourceTree = "<group>"; };
/* End PBXFileReference section */

/* Begin PBXFrameworksBuildPhase section */
		180DD9BA20D174B90061B554 /* Frameworks */ = {
			isa = PBXFrameworksBuildPhase;
			buildActionMask = 2147483647;
			files = (
			);
			runOnlyForDeploymentPostprocessing = 0;
		};
		180DD9CE20D174BA0061B554 /* Frameworks */ = {
			isa = PBXFrameworksBuildPhase;
			buildActionMask = 2147483647;
			files = (
			);
			runOnlyForDeploymentPostprocessing = 0;
		};
		180DD9D920D174BB0061B554 /* Frameworks */ = {
			isa = PBXFrameworksBuildPhase;
			buildActionMask = 2147483647;
			files = (
			);
			runOnlyForDeploymentPostprocessing = 0;
		};
/* End PBXFrameworksBuildPhase section */

/* Begin PBXGroup section */
		180DD9B420D174B90061B554 = {
			isa = PBXGroup;
			children = (
				180DD9BF20D174B90061B554 /* ChatApp */,
				180DD9D420D174BA0061B554 /* ChatAppTests */,
				180DD9DF20D174BB0061B554 /* ChatAppUITests */,
				180DD9BE20D174B90061B554 /* Products */,
			);
			sourceTree = "<group>";
		};
		180DD9BE20D174B90061B554 /* Products */ = {
			isa = PBXGroup;
			children = (
				180DD9BD20D174B90061B554 /* ChatApp.app */,
				180DD9D120D174BA0061B554 /* ChatAppTests.xctest */,
				180DD9DC20D174BB0061B554 /* ChatAppUITests.xctest */,
			);
			name = Products;
			sourceTree = "<group>";
		};
		180DD9BF20D174B90061B554 /* ChatApp */ = {
			isa = PBXGroup;
			children = (
				180DDA3420D18B160061B554 /* TestJson.json */,
				180DD9F020D176CC0061B554 /* Models */,
				180DD9EF20D176C60061B554 /* Controllers */,
				180DD9EE20D176BD0061B554 /* Views */,
				180DD9C420D174B90061B554 /* Main.storyboard */,
				180DD9C720D174BA0061B554 /* Assets.xcassets */,
				180DD9C920D174BA0061B554 /* LaunchScreen.storyboard */,
				180DD9CC20D174BA0061B554 /* Info.plist */,
				180DDA3D20D18C770061B554 /* ChatAppModel.xcdatamodeld */,
			);
			path = ChatApp;
			sourceTree = "<group>";
		};
		180DD9D420D174BA0061B554 /* ChatAppTests */ = {
			isa = PBXGroup;
			children = (
				180DD9D520D174BA0061B554 /* ChatAppTests.swift */,
				180DD9D720D174BA0061B554 /* Info.plist */,
			);
			path = ChatAppTests;
			sourceTree = "<group>";
		};
		180DD9DF20D174BB0061B554 /* ChatAppUITests */ = {
			isa = PBXGroup;
			children = (
				180DD9E020D174BB0061B554 /* ChatAppUITests.swift */,
				180DD9E220D174BB0061B554 /* Info.plist */,
			);
			path = ChatAppUITests;
			sourceTree = "<group>";
		};
		180DD9EE20D176BD0061B554 /* Views */ = {
			isa = PBXGroup;
			children = (
				180DD9F120D183AB0061B554 /* MyCustomCell.swift */,
				180DD9F320D183FB0061B554 /* FriendCustomCell.swift */,
			);
			path = Views;
			sourceTree = "<group>";
		};
		180DD9EF20D176C60061B554 /* Controllers */ = {
			isa = PBXGroup;
			children = (
				180DD9C020D174B90061B554 /* AppDelegate.swift */,
				180DD9C220D174B90061B554 /* ChatViewController.swift */,
			);
			path = Controllers;
			sourceTree = "<group>";
		};
		180DD9F020D176CC0061B554 /* Models */ = {
			isa = PBXGroup;
			children = (
				180DDA4A20D192C20061B554 /* ChatModel.swift */,
			);
			path = Models;
			sourceTree = "<group>";
		};
/* End PBXGroup section */

/* Begin PBXNativeTarget section */
		180DD9BC20D174B90061B554 /* ChatApp */ = {
			isa = PBXNativeTarget;
			buildConfigurationList = 180DD9E520D174BB0061B554 /* Build configuration list for PBXNativeTarget "ChatApp" */;
			buildPhases = (
				180DD9B920D174B90061B554 /* Sources */,
				180DD9BA20D174B90061B554 /* Frameworks */,
				180DD9BB20D174B90061B554 /* Resources */,
			);
			buildRules = (
			);
			dependencies = (
			);
			name = ChatApp;
			productName = ChatApp;
			productReference = 180DD9BD20D174B90061B554 /* ChatApp.app */;
			productType = "com.apple.product-type.application";
		};
		180DD9D020D174BA0061B554 /* ChatAppTests */ = {
			isa = PBXNativeTarget;
			buildConfigurationList = 180DD9E820D174BB0061B554 /* Build configuration list for PBXNativeTarget "ChatAppTests" */;
			buildPhases = (
				180DD9CD20D174BA0061B554 /* Sources */,
				180DD9CE20D174BA0061B554 /* Frameworks */,
				180DD9CF20D174BA0061B554 /* Resources */,
			);
			buildRules = (
			);
			dependencies = (
				180DD9D320D174BA0061B554 /* PBXTargetDependency */,
			);
			name = ChatAppTests;
			productName = ChatAppTests;
			productReference = 180DD9D120D174BA0061B554 /* ChatAppTests.xctest */;
			productType = "com.apple.product-type.bundle.unit-test";
		};
		180DD9DB20D174BB0061B554 /* ChatAppUITests */ = {
			isa = PBXNativeTarget;
			buildConfigurationList = 180DD9EB20D174BB0061B554 /* Build configuration list for PBXNativeTarget "ChatAppUITests" */;
			buildPhases = (
				180DD9D820D174BB0061B554 /* Sources */,
				180DD9D920D174BB0061B554 /* Frameworks */,
				180DD9DA20D174BB0061B554 /* Resources */,
			);
			buildRules = (
			);
			dependencies = (
				180DD9DE20D174BB0061B554 /* PBXTargetDependency */,
			);
			name = ChatAppUITests;
			productName = ChatAppUITests;
			productReference = 180DD9DC20D174BB0061B554 /* ChatAppUITests.xctest */;
			productType = "com.apple.product-type.bundle.ui-testing";
		};
/* End PBXNativeTarget section */

/* Begin PBXProject section */
		180DD9B520D174B90061B554 /* Project object */ = {
			isa = PBXProject;
			attributes = {
				LastSwiftUpdateCheck = 0930;
				LastUpgradeCheck = 0930;
				ORGANIZATIONNAME = Raja;
				TargetAttributes = {
					180DD9BC20D174B90061B554 = {
						CreatedOnToolsVersion = 9.3;
					};
					180DD9D020D174BA0061B554 = {
						CreatedOnToolsVersion = 9.3;
						TestTargetID = 180DD9BC20D174B90061B554;
					};
					180DD9DB20D174BB0061B554 = {
						CreatedOnToolsVersion = 9.3;
						TestTargetID = 180DD9BC20D174B90061B554;
					};
				};
			};
			buildConfigurationList = 180DD9B820D174B90061B554 /* Build configuration list for PBXProject "ChatApp" */;
			compatibilityVersion = "Xcode 9.3";
			developmentRegion = en;
			hasScannedForEncodings = 0;
			knownRegions = (
				en,
				Base,
			);
			mainGroup = 180DD9B420D174B90061B554;
			productRefGroup = 180DD9BE20D174B90061B554 /* Products */;
			projectDirPath = "";
			projectRoot = "";
			targets = (
				180DD9BC20D174B90061B554 /* ChatApp */,
				180DD9D020D174BA0061B554 /* ChatAppTests */,
				180DD9DB20D174BB0061B554 /* ChatAppUITests */,
			);
		};
/* End PBXProject section */

/* Begin PBXResourcesBuildPhase section */
		180DD9BB20D174B90061B554 /* Resources */ = {
			isa = PBXResourcesBuildPhase;
			buildActionMask = 2147483647;
			files = (
				180DD9CB20D174BA0061B554 /* LaunchScreen.storyboard in Resources */,
				180DD9C820D174BA0061B554 /* Assets.xcassets in Resources */,
				180DD9C620D174B90061B554 /* Main.storyboard in Resources */,
				180DDA3520D18B160061B554 /* TestJson.json in Resources */,
			);
			runOnlyForDeploymentPostprocessing = 0;
		};
		180DD9CF20D174BA0061B554 /* Resources */ = {
			isa = PBXResourcesBuildPhase;
			buildActionMask = 2147483647;
			files = (
			);
			runOnlyForDeploymentPostprocessing = 0;
		};
		180DD9DA20D174BB0061B554 /* Resources */ = {
			isa = PBXResourcesBuildPhase;
			buildActionMask = 2147483647;
			files = (
			);
			runOnlyForDeploymentPostprocessing = 0;
		};
/* End PBXResourcesBuildPhase section */

/* Begin PBXSourcesBuildPhase section */
		180DD9B920D174B90061B554 /* Sources */ = {
			isa = PBXSourcesBuildPhase;
			buildActionMask = 2147483647;
			files = (
				180DD9F420D183FB0061B554 /* FriendCustomCell.swift in Sources */,
				180DD9F220D183AB0061B554 /* MyCustomCell.swift in Sources */,
				180DDA3F20D18C770061B554 /* ChatAppModel.xcdatamodeld in Sources */,
				180DD9C320D174B90061B554 /* ChatViewController.swift in Sources */,
				180DD9C120D174B90061B554 /* AppDelegate.swift in Sources */,
				180DDA4B20D192C20061B554 /* ChatModel.swift in Sources */,
			);
			runOnlyForDeploymentPostprocessing = 0;
		};
		180DD9CD20D174BA0061B554 /* Sources */ = {
			isa = PBXSourcesBuildPhase;
			buildActionMask = 2147483647;
			files = (
				180DD9D620D174BA0061B554 /* ChatAppTests.swift in Sources */,
			);
			runOnlyForDeploymentPostprocessing = 0;
		};
		180DD9D820D174BB0061B554 /* Sources */ = {
			isa = PBXSourcesBuildPhase;
			buildActionMask = 2147483647;
			files = (
				180DD9E120D174BB0061B554 /* ChatAppUITests.swift in Sources */,
			);
			runOnlyForDeploymentPostprocessing = 0;
		};
/* End PBXSourcesBuildPhase section */

/* Begin PBXTargetDependency section */
		180DD9D320D174BA0061B554 /* PBXTargetDependency */ = {
			isa = PBXTargetDependency;
			target = 180DD9BC20D174B90061B554 /* ChatApp */;
			targetProxy = 180DD9D220D174BA0061B554 /* PBXContainerItemProxy */;
		};
		180DD9DE20D174BB0061B554 /* PBXTargetDependency */ = {
			isa = PBXTargetDependency;
			target = 180DD9BC20D174B90061B554 /* ChatApp */;
			targetProxy = 180DD9DD20D174BB0061B554 /* PBXContainerItemProxy */;
		};
/* End PBXTargetDependency section */

/* Begin PBXVariantGroup section */
		180DD9C420D174B90061B554 /* Main.storyboard */ = {
			isa = PBXVariantGroup;
			children = (
				180DD9C520D174B90061B554 /* Base */,
			);
			name = Main.storyboard;
			sourceTree = "<group>";
		};
		180DD9C920D174BA0061B554 /* LaunchScreen.storyboard */ = {
			isa = PBXVariantGroup;
			children = (
				180DD9CA20D174BA0061B554 /* Base */,
			);
			name = LaunchScreen.storyboard;
			sourceTree = "<group>";
		};
/* End PBXVariantGroup section */

/* Begin XCBuildConfiguration section */
		180DD9E320D174BB0061B554 /* Debug */ = {
			isa = XCBuildConfiguration;
			buildSettings = {
				ALWAYS_SEARCH_USER_PATHS = NO;
				CLANG_ANALYZER_NONNULL = YES;
				CLANG_ANALYZER_NUMBER_OBJECT_CONVERSION = YES_AGGRESSIVE;
				CLANG_CXX_LANGUAGE_STANDARD = "gnu++14";
				CLANG_CXX_LIBRARY = "libc++";
				CLANG_ENABLE_MODULES = YES;
				CLANG_ENABLE_OBJC_ARC = YES;
				CLANG_ENABLE_OBJC_WEAK = YES;
				CLANG_WARN_BLOCK_CAPTURE_AUTORELEASING = YES;
				CLANG_WARN_BOOL_CONVERSION = YES;
				CLANG_WARN_COMMA = YES;
				CLANG_WARN_CONSTANT_CONVERSION = YES;
				CLANG_WARN_DEPRECATED_OBJC_IMPLEMENTATIONS = YES;
				CLANG_WARN_DIRECT_OBJC_ISA_USAGE = YES_ERROR;
				CLANG_WARN_DOCUMENTATION_COMMENTS = YES;
				CLANG_WARN_EMPTY_BODY = YES;
				CLANG_WARN_ENUM_CONVERSION = YES;
				CLANG_WARN_INFINITE_RECURSION = YES;
				CLANG_WARN_INT_CONVERSION = YES;
				CLANG_WARN_NON_LITERAL_NULL_CONVERSION = YES;
				CLANG_WARN_OBJC_IMPLICIT_RETAIN_SELF = YES;
				CLANG_WARN_OBJC_LITERAL_CONVERSION = YES;
				CLANG_WARN_OBJC_ROOT_CLASS = YES_ERROR;
				CLANG_WARN_RANGE_LOOP_ANALYSIS = YES;
				CLANG_WARN_STRICT_PROTOTYPES = YES;
				CLANG_WARN_SUSPICIOUS_MOVE = YES;
				CLANG_WARN_UNGUARDED_AVAILABILITY = YES_AGGRESSIVE;
				CLANG_WARN_UNREACHABLE_CODE = YES;
				CLANG_WARN__DUPLICATE_METHOD_MATCH = YES;
				CODE_SIGN_IDENTITY = "iPhone Developer";
				COPY_PHASE_STRIP = NO;
				DEBUG_INFORMATION_FORMAT = dwarf;
				ENABLE_STRICT_OBJC_MSGSEND = YES;
				ENABLE_TESTABILITY = YES;
				GCC_C_LANGUAGE_STANDARD = gnu11;
				GCC_DYNAMIC_NO_PIC = NO;
				GCC_NO_COMMON_BLOCKS = YES;
				GCC_OPTIMIZATION_LEVEL = 0;
				GCC_PREPROCESSOR_DEFINITIONS = (
					"DEBUG=1",
					"$(inherited)",
				);
				GCC_WARN_64_TO_32_BIT_CONVERSION = YES;
				GCC_WARN_ABOUT_RETURN_TYPE = YES_ERROR;
				GCC_WARN_UNDECLARED_SELECTOR = YES;
				GCC_WARN_UNINITIALIZED_AUTOS = YES_AGGRESSIVE;
				GCC_WARN_UNUSED_FUNCTION = YES;
				GCC_WARN_UNUSED_VARIABLE = YES;
				IPHONEOS_DEPLOYMENT_TARGET = 11.3;
				MTL_ENABLE_DEBUG_INFO = YES;
				ONLY_ACTIVE_ARCH = YES;
				SDKROOT = iphoneos;
				SWIFT_ACTIVE_COMPILATION_CONDITIONS = DEBUG;
				SWIFT_OPTIMIZATION_LEVEL = "-Onone";
			};
			name = Debug;
		};
		180DD9E420D174BB0061B554 /* Release */ = {
			isa = XCBuildConfiguration;
			buildSettings = {
				ALWAYS_SEARCH_USER_PATHS = NO;
				CLANG_ANALYZER_NONNULL = YES;
				CLANG_ANALYZER_NUMBER_OBJECT_CONVERSION = YES_AGGRESSIVE;
				CLANG_CXX_LANGUAGE_STANDARD = "gnu++14";
				CLANG_CXX_LIBRARY = "libc++";
				CLANG_ENABLE_MODULES = YES;
				CLANG_ENABLE_OBJC_ARC = YES;
				CLANG_ENABLE_OBJC_WEAK = YES;
				CLANG_WARN_BLOCK_CAPTURE_AUTORELEASING = YES;
				CLANG_WARN_BOOL_CONVERSION = YES;
				CLANG_WARN_COMMA = YES;
				CLANG_WARN_CONSTANT_CONVERSION = YES;
				CLANG_WARN_DEPRECATED_OBJC_IMPLEMENTATIONS = YES;
				CLANG_WARN_DIRECT_OBJC_ISA_USAGE = YES_ERROR;
				CLANG_WARN_DOCUMENTATION_COMMENTS = YES;
				CLANG_WARN_EMPTY_BODY = YES;
				CLANG_WARN_ENUM_CONVERSION = YES;
				CLANG_WARN_INFINITE_RECURSION = YES;
				CLANG_WARN_INT_CONVERSION = YES;
				CLANG_WARN_NON_LITERAL_NULL_CONVERSION = YES;
				CLANG_WARN_OBJC_IMPLICIT_RETAIN_SELF = YES;
				CLANG_WARN_OBJC_LITERAL_CONVERSION = YES;
				CLANG_WARN_OBJC_ROOT_CLASS = YES_ERROR;
				CLANG_WARN_RANGE_LOOP_ANALYSIS = YES;
				CLANG_WARN_STRICT_PROTOTYPES = YES;
				CLANG_WARN_SUSPICIOUS_MOVE = YES;
				CLANG_WARN_UNGUARDED_AVAILABILITY = YES_AGGRESSIVE;
				CLANG_WARN_UNREACHABLE_CODE = YES;
				CLANG_WARN__DUPLICATE_METHOD_MATCH = YES;
				CODE_SIGN_IDENTITY = "iPhone Developer";
				COPY_PHASE_STRIP = NO;
				DEBUG_INFORMATION_FORMAT = "dwarf-with-dsym";
				ENABLE_NS_ASSERTIONS = NO;
				ENABLE_STRICT_OBJC_MSGSEND = YES;
				GCC_C_LANGUAGE_STANDARD = gnu11;
				GCC_NO_COMMON_BLOCKS = YES;
				GCC_WARN_64_TO_32_BIT_CONVERSION = YES;
				GCC_WARN_ABOUT_RETURN_TYPE = YES_ERROR;
				GCC_WARN_UNDECLARED_SELECTOR = YES;
				GCC_WARN_UNINITIALIZED_AUTOS = YES_AGGRESSIVE;
				GCC_WARN_UNUSED_FUNCTION = YES;
				GCC_WARN_UNUSED_VARIABLE = YES;
				IPHONEOS_DEPLOYMENT_TARGET = 11.3;
				MTL_ENABLE_DEBUG_INFO = NO;
				SDKROOT = iphoneos;
				SWIFT_COMPILATION_MODE = wholemodule;
				SWIFT_OPTIMIZATION_LEVEL = "-O";
				VALIDATE_PRODUCT = YES;
			};
			name = Release;
		};
		180DD9E620D174BB0061B554 /* Debug */ = {
			isa = XCBuildConfiguration;
			buildSettings = {
				ASSETCATALOG_COMPILER_APPICON_NAME = AppIcon;
				CODE_SIGN_STYLE = Automatic;
				INFOPLIST_FILE = ChatApp/Info.plist;
				LD_RUNPATH_SEARCH_PATHS = (
					"$(inherited)",
					"@executable_path/Frameworks",
				);
				PRODUCT_BUNDLE_IDENTIFIER = com.raja.ChatApp;
				PRODUCT_NAME = "$(TARGET_NAME)";
				SWIFT_VERSION = 4.0;
				TARGETED_DEVICE_FAMILY = "1,2";
			};
			name = Debug;
		};
		180DD9E720D174BB0061B554 /* Release */ = {
			isa = XCBuildConfiguration;
			buildSettings = {
				ASSETCATALOG_COMPILER_APPICON_NAME = AppIcon;
				CODE_SIGN_STYLE = Automatic;
				INFOPLIST_FILE = ChatApp/Info.plist;
				LD_RUNPATH_SEARCH_PATHS = (
					"$(inherited)",
					"@executable_path/Frameworks",
				);
				PRODUCT_BUNDLE_IDENTIFIER = com.raja.ChatApp;
				PRODUCT_NAME = "$(TARGET_NAME)";
				SWIFT_VERSION = 4.0;
				TARGETED_DEVICE_FAMILY = "1,2";
			};
			name = Release;
		};
		180DD9E920D174BB0061B554 /* Debug */ = {
			isa = XCBuildConfiguration;
			buildSettings = {
				ALWAYS_EMBED_SWIFT_STANDARD_LIBRARIES = YES;
				BUNDLE_LOADER = "$(TEST_HOST)";
				CODE_SIGN_STYLE = Automatic;
				INFOPLIST_FILE = ChatAppTests/Info.plist;
				LD_RUNPATH_SEARCH_PATHS = (
					"$(inherited)",
					"@executable_path/Frameworks",
					"@loader_path/Frameworks",
				);
				PRODUCT_BUNDLE_IDENTIFIER = com.raja.ChatAppTests;
				PRODUCT_NAME = "$(TARGET_NAME)";
				SWIFT_VERSION = 4.0;
				TARGETED_DEVICE_FAMILY = "1,2";
				TEST_HOST = "$(BUILT_PRODUCTS_DIR)/ChatApp.app/ChatApp";
			};
			name = Debug;
		};
		180DD9EA20D174BB0061B554 /* Release */ = {
			isa = XCBuildConfiguration;
			buildSettings = {
				ALWAYS_EMBED_SWIFT_STANDARD_LIBRARIES = YES;
				BUNDLE_LOADER = "$(TEST_HOST)";
				CODE_SIGN_STYLE = Automatic;
				INFOPLIST_FILE = ChatAppTests/Info.plist;
				LD_RUNPATH_SEARCH_PATHS = (
					"$(inherited)",
					"@executable_path/Frameworks",
					"@loader_path/Frameworks",
				);
				PRODUCT_BUNDLE_IDENTIFIER = com.raja.ChatAppTests;
				PRODUCT_NAME = "$(TARGET_NAME)";
				SWIFT_VERSION = 4.0;
				TARGETED_DEVICE_FAMILY = "1,2";
				TEST_HOST = "$(BUILT_PRODUCTS_DIR)/ChatApp.app/ChatApp";
			};
			name = Release;
		};
		180DD9EC20D174BB0061B554 /* Debug */ = {
			isa = XCBuildConfiguration;
			buildSettings = {
				ALWAYS_EMBED_SWIFT_STANDARD_LIBRARIES = YES;
				CODE_SIGN_STYLE = Automatic;
				INFOPLIST_FILE = ChatAppUITests/Info.plist;
				LD_RUNPATH_SEARCH_PATHS = (
					"$(inherited)",
					"@executable_path/Frameworks",
					"@loader_path/Frameworks",
				);
				PRODUCT_BUNDLE_IDENTIFIER = com.raja.ChatAppUITests;
				PRODUCT_NAME = "$(TARGET_NAME)";
				SWIFT_VERSION = 4.0;
				TARGETED_DEVICE_FAMILY = "1,2";
				TEST_TARGET_NAME = ChatApp;
			};
			name = Debug;
		};
		180DD9ED20D174BB0061B554 /* Release */ = {
			isa = XCBuildConfiguration;
			buildSettings = {
				ALWAYS_EMBED_SWIFT_STANDARD_LIBRARIES = YES;
				CODE_SIGN_STYLE = Automatic;
				INFOPLIST_FILE = ChatAppUITests/Info.plist;
				LD_RUNPATH_SEARCH_PATHS = (
					"$(inherited)",
					"@executable_path/Frameworks",
					"@loader_path/Frameworks",
				);
				PRODUCT_BUNDLE_IDENTIFIER = com.raja.ChatAppUITests;
				PRODUCT_NAME = "$(TARGET_NAME)";
				SWIFT_VERSION = 4.0;
				TARGETED_DEVICE_FAMILY = "1,2";
				TEST_TARGET_NAME = ChatApp;
			};
			name = Release;
		};
/* End XCBuildConfiguration section */

/* Begin XCConfigurationList section */
		180DD9B820D174B90061B554 /* Build configuration list for PBXProject "ChatApp" */ = {
			isa = XCConfigurationList;
			buildConfigurations = (
				180DD9E320D174BB0061B554 /* Debug */,
				180DD9E420D174BB0061B554 /* Release */,
			);
			defaultConfigurationIsVisible = 0;
			defaultConfigurationName = Release;
		};
		180DD9E520D174BB0061B554 /* Build configuration list for PBXNativeTarget "ChatApp" */ = {
			isa = XCConfigurationList;
			buildConfigurations = (
				180DD9E620D174BB0061B554 /* Debug */,
				180DD9E720D174BB0061B554 /* Release */,
			);
			defaultConfigurationIsVisible = 0;
			defaultConfigurationName = Release;
		};
		180DD9E820D174BB0061B554 /* Build configuration list for PBXNativeTarget "ChatAppTests" */ = {
			isa = XCConfigurationList;
			buildConfigurations = (
				180DD9E920D174BB0061B554 /* Debug */,
				180DD9EA20D174BB0061B554 /* Release */,
			);
			defaultConfigurationIsVisible = 0;
			defaultConfigurationName = Release;
		};
		180DD9EB20D174BB0061B554 /* Build configuration list for PBXNativeTarget "ChatAppUITests" */ = {
			isa = XCConfigurationList;
			buildConfigurations = (
				180DD9EC20D174BB0061B554 /* Debug */,
				180DD9ED20D174BB0061B554 /* Release */,
			);
			defaultConfigurationIsVisible = 0;
			defaultConfigurationName = Release;
		};
/* End XCConfigurationList section */

/* Begin XCVersionGroup section */
		180DDA3D20D18C770061B554 /* ChatAppModel.xcdatamodeld */ = {
			isa = XCVersionGroup;
			children = (
				180DDA3E20D18C770061B554 /* ChatAppModel.xcdatamodel */,
			);
			currentVersion = 180DDA3E20D18C770061B554 /* ChatAppModel.xcdatamodel */;
			path = ChatAppModel.xcdatamodeld;
			sourceTree = "<group>";
			versionGroupType = wrapper.xcdatamodel;
		};
/* End XCVersionGroup section */
	};
	rootObject = 180DD9B520D174B90061B554 /* Project object */;
}
